// !$*UTF8*$!
{
	archiveVersion = 1;
	classes = {
	};
	objectVersion = 50;
	objects = {

/* Begin PBXBuildFile section */
		03B879C7265DBF61006679F5 /* ProductTVC.swift in Sources */ = {isa = PBXBuildFile; fileRef = 03B879C6265DBF61006679F5 /* ProductTVC.swift */; };
		03FFDBA62658C09F002CAFC1 /* AppDelegate.swift in Sources */ = {isa = PBXBuildFile; fileRef = 03FFDBA52658C09F002CAFC1 /* AppDelegate.swift */; };
		03FFDBA82658C09F002CAFC1 /* SceneDelegate.swift in Sources */ = {isa = PBXBuildFile; fileRef = 03FFDBA72658C09F002CAFC1 /* SceneDelegate.swift */; };
		03FFDBAD2658C09F002CAFC1 /* Main.storyboard in Resources */ = {isa = PBXBuildFile; fileRef = 03FFDBAB2658C09F002CAFC1 /* Main.storyboard */; };
		03FFDBB02658C09F002CAFC1 /* A2_FA_iOS_Sumit_C0800306.xcdatamodeld in Sources */ = {isa = PBXBuildFile; fileRef = 03FFDBAE2658C09F002CAFC1 /* A2_FA_iOS_Sumit_C0800306.xcdatamodeld */; };
		03FFDBB22658C0A6002CAFC1 /* Assets.xcassets in Resources */ = {isa = PBXBuildFile; fileRef = 03FFDBB12658C0A6002CAFC1 /* Assets.xcassets */; };
		03FFDBB52658C0A6002CAFC1 /* LaunchScreen.storyboard in Resources */ = {isa = PBXBuildFile; fileRef = 03FFDBB32658C0A6002CAFC1 /* LaunchScreen.storyboard */; };
		03FFDBC02658C0A6002CAFC1 /* A2_FA_iOS_Sumit_C0800306Tests.swift in Sources */ = {isa = PBXBuildFile; fileRef = 03FFDBBF2658C0A6002CAFC1 /* A2_FA_iOS_Sumit_C0800306Tests.swift */; };
		03FFDBCB2658C0A6002CAFC1 /* A2_FA_iOS_Sumit_C0800306UITests.swift in Sources */ = {isa = PBXBuildFile; fileRef = 03FFDBCA2658C0A6002CAFC1 /* A2_FA_iOS_Sumit_C0800306UITests.swift */; };
		03FFDBDF2658C576002CAFC1 /* ProductsProvidersTVC.swift in Sources */ = {isa = PBXBuildFile; fileRef = 03FFDBDE2658C576002CAFC1 /* ProductsProvidersTVC.swift */; };
		03FFDBE72658E9B9002CAFC1 /* ProductVC.swift in Sources */ = {isa = PBXBuildFile; fileRef = 03FFDBE62658E9B9002CAFC1 /* ProductVC.swift */; };
/* End PBXBuildFile section */

/* Begin PBXContainerItemProxy section */
		03FFDBBC2658C0A6002CAFC1 /* PBXContainerItemProxy */ = {
			isa = PBXContainerItemProxy;
			containerPortal = 03FFDB9A2658C09F002CAFC1 /* Project object */;
			proxyType = 1;
			remoteGlobalIDString = 03FFDBA12658C09F002CAFC1;
			remoteInfo = A2_FA_iOS_Sumit_C0800306;
		};
		03FFDBC72658C0A6002CAFC1 /* PBXContainerItemProxy */ = {
			isa = PBXContainerItemProxy;
			containerPortal = 03FFDB9A2658C09F002CAFC1 /* Project object */;
			proxyType = 1;
			remoteGlobalIDString = 03FFDBA12658C09F002CAFC1;
			remoteInfo = A2_FA_iOS_Sumit_C0800306;
		};
/* End PBXContainerItemProxy section */

/* Begin PBXFileReference section */
		03B879C6265DBF61006679F5 /* ProductTVC.swift */ = {isa = PBXFileReference; lastKnownFileType = sourcecode.swift; path = ProductTVC.swift; sourceTree = "<group>"; };
		03FFDBA22658C09F002CAFC1 /* A2_FA_iOS_Sumit_C0800306.app */ = {isa = PBXFileReference; explicitFileType = wrapper.application; includeInIndex = 0; path = A2_FA_iOS_Sumit_C0800306.app; sourceTree = BUILT_PRODUCTS_DIR; };
		03FFDBA52658C09F002CAFC1 /* AppDelegate.swift */ = {isa = PBXFileReference; lastKnownFileType = sourcecode.swift; path = AppDelegate.swift; sourceTree = "<group>"; };
		03FFDBA72658C09F002CAFC1 /* SceneDelegate.swift */ = {isa = PBXFileReference; lastKnownFileType = sourcecode.swift; path = SceneDelegate.swift; sourceTree = "<group>"; };
		03FFDBAC2658C09F002CAFC1 /* Base */ = {isa = PBXFileReference; lastKnownFileType = file.storyboard; name = Base; path = Base.lproj/Main.storyboard; sourceTree = "<group>"; };
		03FFDBAF2658C09F002CAFC1 /* A2_FA_iOS_Sumit_C0800306.xcdatamodel */ = {isa = PBXFileReference; lastKnownFileType = wrapper.xcdatamodel; path = A2_FA_iOS_Sumit_C0800306.xcdatamodel; sourceTree = "<group>"; };
		03FFDBB12658C0A6002CAFC1 /* Assets.xcassets */ = {isa = PBXFileReference; lastKnownFileType = folder.assetcatalog; path = Assets.xcassets; sourceTree = "<group>"; };
		03FFDBB42658C0A6002CAFC1 /* Base */ = {isa = PBXFileReference; lastKnownFileType = file.storyboard; name = Base; path = Base.lproj/LaunchScreen.storyboard; sourceTree = "<group>"; };
		03FFDBB62658C0A6002CAFC1 /* Info.plist */ = {isa = PBXFileReference; lastKnownFileType = text.plist.xml; path = Info.plist; sourceTree = "<group>"; };
		03FFDBBB2658C0A6002CAFC1 /* A2_FA_iOS_Sumit_C0800306Tests.xctest */ = {isa = PBXFileReference; explicitFileType = wrapper.cfbundle; includeInIndex = 0; path = A2_FA_iOS_Sumit_C0800306Tests.xctest; sourceTree = BUILT_PRODUCTS_DIR; };
		03FFDBBF2658C0A6002CAFC1 /* A2_FA_iOS_Sumit_C0800306Tests.swift */ = {isa = PBXFileReference; lastKnownFileType = sourcecode.swift; path = A2_FA_iOS_Sumit_C0800306Tests.swift; sourceTree = "<group>"; };
		03FFDBC12658C0A6002CAFC1 /* Info.plist */ = {isa = PBXFileReference; lastKnownFileType = text.plist.xml; path = Info.plist; sourceTree = "<group>"; };
		03FFDBC62658C0A6002CAFC1 /* A2_FA_iOS_Sumit_C0800306UITests.xctest */ = {isa = PBXFileReference; explicitFileType = wrapper.cfbundle; includeInIndex = 0; path = A2_FA_iOS_Sumit_C0800306UITests.xctest; sourceTree = BUILT_PRODUCTS_DIR; };
		03FFDBCA2658C0A6002CAFC1 /* A2_FA_iOS_Sumit_C0800306UITests.swift */ = {isa = PBXFileReference; lastKnownFileType = sourcecode.swift; path = A2_FA_iOS_Sumit_C0800306UITests.swift; sourceTree = "<group>"; };
		03FFDBCC2658C0A6002CAFC1 /* Info.plist */ = {isa = PBXFileReference; lastKnownFileType = text.plist.xml; path = Info.plist; sourceTree = "<group>"; };
		03FFDBDE2658C576002CAFC1 /* ProductsProvidersTVC.swift */ = {isa = PBXFileReference; lastKnownFileType = sourcecode.swift; path = ProductsProvidersTVC.swift; sourceTree = "<group>"; };
		03FFDBE62658E9B9002CAFC1 /* ProductVC.swift */ = {isa = PBXFileReference; lastKnownFileType = sourcecode.swift; path = ProductVC.swift; sourceTree = "<group>"; };
/* End PBXFileReference section */

/* Begin PBXFrameworksBuildPhase section */
		03FFDB9F2658C09F002CAFC1 /* Frameworks */ = {
			isa = PBXFrameworksBuildPhase;
			buildActionMask = 2147483647;
			files = (
			);
			runOnlyForDeploymentPostprocessing = 0;
		};
		03FFDBB82658C0A6002CAFC1 /* Frameworks */ = {
			isa = PBXFrameworksBuildPhase;
			buildActionMask = 2147483647;
			files = (
			);
			runOnlyForDeploymentPostprocessing = 0;
		};
		03FFDBC32658C0A6002CAFC1 /* Frameworks */ = {
			isa = PBXFrameworksBuildPhase;
			buildActionMask = 2147483647;
			files = (
			);
			runOnlyForDeploymentPostprocessing = 0;
		};
/* End PBXFrameworksBuildPhase section */

/* Begin PBXGroup section */
		03FFDB992658C09F002CAFC1 = {
			isa = PBXGroup;
			children = (
				03FFDBA42658C09F002CAFC1 /* A2_FA_iOS_Sumit_C0800306 */,
				03FFDBBE2658C0A6002CAFC1 /* A2_FA_iOS_Sumit_C0800306Tests */,
				03FFDBC92658C0A6002CAFC1 /* A2_FA_iOS_Sumit_C0800306UITests */,
				03FFDBA32658C09F002CAFC1 /* Products */,
			);
			sourceTree = "<group>";
		};
		03FFDBA32658C09F002CAFC1 /* Products */ = {
			isa = PBXGroup;
			children = (
				03FFDBA22658C09F002CAFC1 /* A2_FA_iOS_Sumit_C0800306.app */,
				03FFDBBB2658C0A6002CAFC1 /* A2_FA_iOS_Sumit_C0800306Tests.xctest */,
				03FFDBC62658C0A6002CAFC1 /* A2_FA_iOS_Sumit_C0800306UITests.xctest */,
			);
			name = Products;
			sourceTree = "<group>";
		};
		03FFDBA42658C09F002CAFC1 /* A2_FA_iOS_Sumit_C0800306 */ = {
			isa = PBXGroup;
			children = (
				03FFDBA52658C09F002CAFC1 /* AppDelegate.swift */,
				03FFDBA72658C09F002CAFC1 /* SceneDelegate.swift */,
				03FFDBAB2658C09F002CAFC1 /* Main.storyboard */,
				03FFDBB12658C0A6002CAFC1 /* Assets.xcassets */,
				03FFDBB32658C0A6002CAFC1 /* LaunchScreen.storyboard */,
				03FFDBB62658C0A6002CAFC1 /* Info.plist */,
				03FFDBAE2658C09F002CAFC1 /* A2_FA_iOS_Sumit_C0800306.xcdatamodeld */,
				03FFDBDE2658C576002CAFC1 /* ProductsProvidersTVC.swift */,
				03FFDBE62658E9B9002CAFC1 /* ProductVC.swift */,
				03B879C6265DBF61006679F5 /* ProductTVC.swift */,
			);
			path = A2_FA_iOS_Sumit_C0800306;
			sourceTree = "<group>";
		};
		03FFDBBE2658C0A6002CAFC1 /* A2_FA_iOS_Sumit_C0800306Tests */ = {
			isa = PBXGroup;
			children = (
				03FFDBBF2658C0A6002CAFC1 /* A2_FA_iOS_Sumit_C0800306Tests.swift */,
				03FFDBC12658C0A6002CAFC1 /* Info.plist */,
			);
			path = A2_FA_iOS_Sumit_C0800306Tests;
			sourceTree = "<group>";
		};
		03FFDBC92658C0A6002CAFC1 /* A2_FA_iOS_Sumit_C0800306UITests */ = {
			isa = PBXGroup;
			children = (
				03FFDBCA2658C0A6002CAFC1 /* A2_FA_iOS_Sumit_C0800306UITests.swift */,
				03FFDBCC2658C0A6002CAFC1 /* Info.plist */,
			);
			path = A2_FA_iOS_Sumit_C0800306UITests;
			sourceTree = "<group>";
		};
/* End PBXGroup section */

/* Begin PBXNativeTarget section */
		03FFDBA12658C09F002CAFC1 /* A2_FA_iOS_Sumit_C0800306 */ = {
			isa = PBXNativeTarget;
			buildConfigurationList = 03FFDBCF2658C0A6002CAFC1 /* Build configuration list for PBXNativeTarget "A2_FA_iOS_Sumit_C0800306" */;
			buildPhases = (
				03FFDB9E2658C09F002CAFC1 /* Sources */,
				03FFDB9F2658C09F002CAFC1 /* Frameworks */,
				03FFDBA02658C09F002CAFC1 /* Resources */,
			);
			buildRules = (
			);
			dependencies = (
			);
			name = A2_FA_iOS_Sumit_C0800306;
			productName = A2_FA_iOS_Sumit_C0800306;
			productReference = 03FFDBA22658C09F002CAFC1 /* A2_FA_iOS_Sumit_C0800306.app */;
			productType = "com.apple.product-type.application";
		};
		03FFDBBA2658C0A6002CAFC1 /* A2_FA_iOS_Sumit_C0800306Tests */ = {
			isa = PBXNativeTarget;
			buildConfigurationList = 03FFDBD22658C0A6002CAFC1 /* Build configuration list for PBXNativeTarget "A2_FA_iOS_Sumit_C0800306Tests" */;
			buildPhases = (
				03FFDBB72658C0A6002CAFC1 /* Sources */,
				03FFDBB82658C0A6002CAFC1 /* Frameworks */,
				03FFDBB92658C0A6002CAFC1 /* Resources */,
			);
			buildRules = (
			);
			dependencies = (
				03FFDBBD2658C0A6002CAFC1 /* PBXTargetDependency */,
			);
			name = A2_FA_iOS_Sumit_C0800306Tests;
			productName = A2_FA_iOS_Sumit_C0800306Tests;
			productReference = 03FFDBBB2658C0A6002CAFC1 /* A2_FA_iOS_Sumit_C0800306Tests.xctest */;
			productType = "com.apple.product-type.bundle.unit-test";
		};
		03FFDBC52658C0A6002CAFC1 /* A2_FA_iOS_Sumit_C0800306UITests */ = {
			isa = PBXNativeTarget;
			buildConfigurationList = 03FFDBD52658C0A6002CAFC1 /* Build configuration list for PBXNativeTarget "A2_FA_iOS_Sumit_C0800306UITests" */;
			buildPhases = (
				03FFDBC22658C0A6002CAFC1 /* Sources */,
				03FFDBC32658C0A6002CAFC1 /* Frameworks */,
				03FFDBC42658C0A6002CAFC1 /* Resources */,
			);
			buildRules = (
			);
			dependencies = (
				03FFDBC82658C0A6002CAFC1 /* PBXTargetDependency */,
			);
			name = A2_FA_iOS_Sumit_C0800306UITests;
			productName = A2_FA_iOS_Sumit_C0800306UITests;
			productReference = 03FFDBC62658C0A6002CAFC1 /* A2_FA_iOS_Sumit_C0800306UITests.xctest */;
			productType = "com.apple.product-type.bundle.ui-testing";
		};
/* End PBXNativeTarget section */

/* Begin PBXProject section */
		03FFDB9A2658C09F002CAFC1 /* Project object */ = {
			isa = PBXProject;
			attributes = {
				LastSwiftUpdateCheck = 1240;
				LastUpgradeCheck = 1240;
				TargetAttributes = {
					03FFDBA12658C09F002CAFC1 = {
						CreatedOnToolsVersion = 12.4;
					};
					03FFDBBA2658C0A6002CAFC1 = {
						CreatedOnToolsVersion = 12.4;
						TestTargetID = 03FFDBA12658C09F002CAFC1;
					};
					03FFDBC52658C0A6002CAFC1 = {
						CreatedOnToolsVersion = 12.4;
						TestTargetID = 03FFDBA12658C09F002CAFC1;
					};
				};
			};
			buildConfigurationList = 03FFDB9D2658C09F002CAFC1 /* Build configuration list for PBXProject "A2_FA_iOS_Sumit_C0800306" */;
			compatibilityVersion = "Xcode 9.3";
			developmentRegion = en;
			hasScannedForEncodings = 0;
			knownRegions = (
				en,
				Base,
			);
			mainGroup = 03FFDB992658C09F002CAFC1;
			productRefGroup = 03FFDBA32658C09F002CAFC1 /* Products */;
			projectDirPath = "";
			projectRoot = "";
			targets = (
				03FFDBA12658C09F002CAFC1 /* A2_FA_iOS_Sumit_C0800306 */,
				03FFDBBA2658C0A6002CAFC1 /* A2_FA_iOS_Sumit_C0800306Tests */,
				03FFDBC52658C0A6002CAFC1 /* A2_FA_iOS_Sumit_C0800306UITests */,
			);
		};
/* End PBXProject section */

/* Begin PBXResourcesBuildPhase section */
		03FFDBA02658C09F002CAFC1 /* Resources */ = {
			isa = PBXResourcesBuildPhase;
			buildActionMask = 2147483647;
			files = (
				03FFDBB52658C0A6002CAFC1 /* LaunchScreen.storyboard in Resources */,
				03FFDBB22658C0A6002CAFC1 /* Assets.xcassets in Resources */,
				03FFDBAD2658C09F002CAFC1 /* Main.storyboard in Resources */,
			);
			runOnlyForDeploymentPostprocessing = 0;
		};
		03FFDBB92658C0A6002CAFC1 /* Resources */ = {
			isa = PBXResourcesBuildPhase;
			buildActionMask = 2147483647;
			files = (
			);
			runOnlyForDeploymentPostprocessing = 0;
		};
		03FFDBC42658C0A6002CAFC1 /* Resources */ = {
			isa = PBXResourcesBuildPhase;
			buildActionMask = 2147483647;
			files = (
			);
			runOnlyForDeploymentPostprocessing = 0;
		};
/* End PBXResourcesBuildPhase section */

/* Begin PBXSourcesBuildPhase section */
		03FFDB9E2658C09F002CAFC1 /* Sources */ = {
			isa = PBXSourcesBuildPhase;
			buildActionMask = 2147483647;
			files = (
				03FFDBB02658C09F002CAFC1 /* A2_FA_iOS_Sumit_C0800306.xcdatamodeld in Sources */,
				03FFDBA62658C09F002CAFC1 /* AppDelegate.swift in Sources */,
				03FFDBDF2658C576002CAFC1 /* ProductsProvidersTVC.swift in Sources */,
				03B879C7265DBF61006679F5 /* ProductTVC.swift in Sources */,
				03FFDBE72658E9B9002CAFC1 /* ProductVC.swift in Sources */,
				03FFDBA82658C09F002CAFC1 /* SceneDelegate.swift in Sources */,
			);
			runOnlyForDeploymentPostprocessing = 0;
		};
		03FFDBB72658C0A6002CAFC1 /* Sources */ = {
			isa = PBXSourcesBuildPhase;
			buildActionMask = 2147483647;
			files = (
				03FFDBC02658C0A6002CAFC1 /* A2_FA_iOS_Sumit_C0800306Tests.swift in Sources */,
			);
			runOnlyForDeploymentPostprocessing = 0;
		};
		03FFDBC22658C0A6002CAFC1 /* Sources */ = {
			isa = PBXSourcesBuildPhase;
			buildActionMask = 2147483647;
			files = (
				03FFDBCB2658C0A6002CAFC1 /* A2_FA_iOS_Sumit_C0800306UITests.swift in Sources */,
			);
			runOnlyForDeploymentPostprocessing = 0;
		};
/* End PBXSourcesBuildPhase section */

/* Begin PBXTargetDependency section */
		03FFDBBD2658C0A6002CAFC1 /* PBXTargetDependency */ = {
			isa = PBXTargetDependency;
			target = 03FFDBA12658C09F002CAFC1 /* A2_FA_iOS_Sumit_C0800306 */;
			targetProxy = 03FFDBBC2658C0A6002CAFC1 /* PBXContainerItemProxy */;
		};
		03FFDBC82658C0A6002CAFC1 /* PBXTargetDependency */ = {
			isa = PBXTargetDependency;
			target = 03FFDBA12658C09F002CAFC1 /* A2_FA_iOS_Sumit_C0800306 */;
			targetProxy = 03FFDBC72658C0A6002CAFC1 /* PBXContainerItemProxy */;
		};
/* End PBXTargetDependency section */

/* Begin PBXVariantGroup section */
		03FFDBAB2658C09F002CAFC1 /* Main.storyboard */ = {
			isa = PBXVariantGroup;
			children = (
				03FFDBAC2658C09F002CAFC1 /* Base */,
			);
			name = Main.storyboard;
			sourceTree = "<group>";
		};
		03FFDBB32658C0A6002CAFC1 /* LaunchScreen.storyboard */ = {
			isa = PBXVariantGroup;
			children = (
				03FFDBB42658C0A6002CAFC1 /* Base */,
			);
			name = LaunchScreen.storyboard;
			sourceTree = "<group>";
		};
/* End PBXVariantGroup section */

/* Begin XCBuildConfiguration section */
		03FFDBCD2658C0A6002CAFC1 /* Debug */ = {
			isa = XCBuildConfiguration;
			buildSettings = {
				ALWAYS_SEARCH_USER_PATHS = NO;
				CLANG_ANALYZER_NONNULL = YES;
				CLANG_ANALYZER_NUMBER_OBJECT_CONVERSION = YES_AGGRESSIVE;
				CLANG_CXX_LANGUAGE_STANDARD = "gnu++14";
				CLANG_CXX_LIBRARY = "libc++";
				CLANG_ENABLE_MODULES = YES;
				CLANG_ENABLE_OBJC_ARC = YES;
				CLANG_ENABLE_OBJC_WEAK = YES;
				CLANG_WARN_BLOCK_CAPTURE_AUTORELEASING = YES;
				CLANG_WARN_BOOL_CONVERSION = YES;
				CLANG_WARN_COMMA = YES;
				CLANG_WARN_CONSTANT_CONVERSION = YES;
				CLANG_WARN_DEPRECATED_OBJC_IMPLEMENTATIONS = YES;
				CLANG_WARN_DIRECT_OBJC_ISA_USAGE = YES_ERROR;
				CLANG_WARN_DOCUMENTATION_COMMENTS = YES;
				CLANG_WARN_EMPTY_BODY = YES;
				CLANG_WARN_ENUM_CONVERSION = YES;
				CLANG_WARN_INFINITE_RECURSION = YES;
				CLANG_WARN_INT_CONVERSION = YES;
				CLANG_WARN_NON_LITERAL_NULL_CONVERSION = YES;
				CLANG_WARN_OBJC_IMPLICIT_RETAIN_SELF = YES;
				CLANG_WARN_OBJC_LITERAL_CONVERSION = YES;
				CLANG_WARN_OBJC_ROOT_CLASS = YES_ERROR;
				CLANG_WARN_QUOTED_INCLUDE_IN_FRAMEWORK_HEADER = YES;
				CLANG_WARN_RANGE_LOOP_ANALYSIS = YES;
				CLANG_WARN_STRICT_PROTOTYPES = YES;
				CLANG_WARN_SUSPICIOUS_MOVE = YES;
				CLANG_WARN_UNGUARDED_AVAILABILITY = YES_AGGRESSIVE;
				CLANG_WARN_UNREACHABLE_CODE = YES;
				CLANG_WARN__DUPLICATE_METHOD_MATCH = YES;
				COPY_PHASE_STRIP = NO;
				DEBUG_INFORMATION_FORMAT = dwarf;
				ENABLE_STRICT_OBJC_MSGSEND = YES;
				ENABLE_TESTABILITY = YES;
				GCC_C_LANGUAGE_STANDARD = gnu11;
				GCC_DYNAMIC_NO_PIC = NO;
				GCC_NO_COMMON_BLOCKS = YES;
				GCC_OPTIMIZATION_LEVEL = 0;
				GCC_PREPROCESSOR_DEFINITIONS = (
					"DEBUG=1",
					"$(inherited)",
				);
				GCC_WARN_64_TO_32_BIT_CONVERSION = YES;
				GCC_WARN_ABOUT_RETURN_TYPE = YES_ERROR;
				GCC_WARN_UNDECLARED_SELECTOR = YES;
				GCC_WARN_UNINITIALIZED_AUTOS = YES_AGGRESSIVE;
				GCC_WARN_UNUSED_FUNCTION = YES;
				GCC_WARN_UNUSED_VARIABLE = YES;
				IPHONEOS_DEPLOYMENT_TARGET = 14.4;
				MTL_ENABLE_DEBUG_INFO = INCLUDE_SOURCE;
				MTL_FAST_MATH = YES;
				ONLY_ACTIVE_ARCH = YES;
				SDKROOT = iphoneos;
				SWIFT_ACTIVE_COMPILATION_CONDITIONS = DEBUG;
				SWIFT_OPTIMIZATION_LEVEL = "-Onone";
			};
			name = Debug;
		};
		03FFDBCE2658C0A6002CAFC1 /* Release */ = {
			isa = XCBuildConfiguration;
			buildSettings = {
				ALWAYS_SEARCH_USER_PATHS = NO;
				CLANG_ANALYZER_NONNULL = YES;
				CLANG_ANALYZER_NUMBER_OBJECT_CONVERSION = YES_AGGRESSIVE;
				CLANG_CXX_LANGUAGE_STANDARD = "gnu++14";
				CLANG_CXX_LIBRARY = "libc++";
				CLANG_ENABLE_MODULES = YES;
				CLANG_ENABLE_OBJC_ARC = YES;
				CLANG_ENABLE_OBJC_WEAK = YES;
				CLANG_WARN_BLOCK_CAPTURE_AUTORELEASING = YES;
				CLANG_WARN_BOOL_CONVERSION = YES;
				CLANG_WARN_COMMA = YES;
				CLANG_WARN_CONSTANT_CONVERSION = YES;
				CLANG_WARN_DEPRECATED_OBJC_IMPLEMENTATIONS = YES;
				CLANG_WARN_DIRECT_OBJC_ISA_USAGE = YES_ERROR;
				CLANG_WARN_DOCUMENTATION_COMMENTS = YES;
				CLANG_WARN_EMPTY_BODY = YES;
				CLANG_WARN_ENUM_CONVERSION = YES;
				CLANG_WARN_INFINITE_RECURSION = YES;
				CLANG_WARN_INT_CONVERSION = YES;
				CLANG_WARN_NON_LITERAL_NULL_CONVERSION = YES;
				CLANG_WARN_OBJC_IMPLICIT_RETAIN_SELF = YES;
				CLANG_WARN_OBJC_LITERAL_CONVERSION = YES;
				CLANG_WARN_OBJC_ROOT_CLASS = YES_ERROR;
				CLANG_WARN_QUOTED_INCLUDE_IN_FRAMEWORK_HEADER = YES;
				CLANG_WARN_RANGE_LOOP_ANALYSIS = YES;
				CLANG_WARN_STRICT_PROTOTYPES = YES;
				CLANG_WARN_SUSPICIOUS_MOVE = YES;
				CLANG_WARN_UNGUARDED_AVAILABILITY = YES_AGGRESSIVE;
				CLANG_WARN_UNREACHABLE_CODE = YES;
				CLANG_WARN__DUPLICATE_METHOD_MATCH = YES;
				COPY_PHASE_STRIP = NO;
				DEBUG_INFORMATION_FORMAT = "dwarf-with-dsym";
				ENABLE_NS_ASSERTIONS = NO;
				ENABLE_STRICT_OBJC_MSGSEND = YES;
				GCC_C_LANGUAGE_STANDARD = gnu11;
				GCC_NO_COMMON_BLOCKS = YES;
				GCC_WARN_64_TO_32_BIT_CONVERSION = YES;
				GCC_WARN_ABOUT_RETURN_TYPE = YES_ERROR;
				GCC_WARN_UNDECLARED_SELECTOR = YES;
				GCC_WARN_UNINITIALIZED_AUTOS = YES_AGGRESSIVE;
				GCC_WARN_UNUSED_FUNCTION = YES;
				GCC_WARN_UNUSED_VARIABLE = YES;
				IPHONEOS_DEPLOYMENT_TARGET = 14.4;
				MTL_ENABLE_DEBUG_INFO = NO;
				MTL_FAST_MATH = YES;
				SDKROOT = iphoneos;
				SWIFT_COMPILATION_MODE = wholemodule;
				SWIFT_OPTIMIZATION_LEVEL = "-O";
				VALIDATE_PRODUCT = YES;
			};
			name = Release;
		};
		03FFDBD02658C0A6002CAFC1 /* Debug */ = {
			isa = XCBuildConfiguration;
			buildSettings = {
				ASSETCATALOG_COMPILER_APPICON_NAME = AppIcon;
				ASSETCATALOG_COMPILER_GLOBAL_ACCENT_COLOR_NAME = AccentColor;
				CODE_SIGN_STYLE = Automatic;
				INFOPLIST_FILE = A2_FA_iOS_Sumit_C0800306/Info.plist;
				LD_RUNPATH_SEARCH_PATHS = (
					"$(inherited)",
					"@executable_path/Frameworks",
				);
				PRODUCT_BUNDLE_IDENTIFIER = "lambton.A2-FA-iOS-Sumit-C0800306";
				PRODUCT_NAME = "$(TARGET_NAME)";
				SWIFT_VERSION = 5.0;
				TARGETED_DEVICE_FAMILY = "1,2";
			};
			name = Debug;
		};
		03FFDBD12658C0A6002CAFC1 /* Release */ = {
			isa = XCBuildConfiguration;
			buildSettings = {
				ASSETCATALOG_COMPILER_APPICON_NAME = AppIcon;
				ASSETCATALOG_COMPILER_GLOBAL_ACCENT_COLOR_NAME = AccentColor;
				CODE_SIGN_STYLE = Automatic;
				INFOPLIST_FILE = A2_FA_iOS_Sumit_C0800306/Info.plist;
				LD_RUNPATH_SEARCH_PATHS = (
					"$(inherited)",
					"@executable_path/Frameworks",
				);
				PRODUCT_BUNDLE_IDENTIFIER = "lambton.A2-FA-iOS-Sumit-C0800306";
				PRODUCT_NAME = "$(TARGET_NAME)";
				SWIFT_VERSION = 5.0;
				TARGETED_DEVICE_FAMILY = "1,2";
			};
			name = Release;
		};
		03FFDBD32658C0A6002CAFC1 /* Debug */ = {
			isa = XCBuildConfiguration;
			buildSettings = {
				ALWAYS_EMBED_SWIFT_STANDARD_LIBRARIES = YES;
				BUNDLE_LOADER = "$(TEST_HOST)";
				CODE_SIGN_STYLE = Automatic;
				INFOPLIST_FILE = A2_FA_iOS_Sumit_C0800306Tests/Info.plist;
				IPHONEOS_DEPLOYMENT_TARGET = 14.4;
				LD_RUNPATH_SEARCH_PATHS = (
					"$(inherited)",
					"@executable_path/Frameworks",
					"@loader_path/Frameworks",
				);
				PRODUCT_BUNDLE_IDENTIFIER = "lambton.A2-FA-iOS-Sumit-C0800306Tests";
				PRODUCT_NAME = "$(TARGET_NAME)";
				SWIFT_VERSION = 5.0;
				TARGETED_DEVICE_FAMILY = "1,2";
				TEST_HOST = "$(BUILT_PRODUCTS_DIR)/A2_FA_iOS_Sumit_C0800306.app/A2_FA_iOS_Sumit_C0800306";
			};
			name = Debug;
		};
		03FFDBD42658C0A6002CAFC1 /* Release */ = {
			isa = XCBuildConfiguration;
			buildSettings = {
				ALWAYS_EMBED_SWIFT_STANDARD_LIBRARIES = YES;
				BUNDLE_LOADER = "$(TEST_HOST)";
				CODE_SIGN_STYLE = Automatic;
				INFOPLIST_FILE = A2_FA_iOS_Sumit_C0800306Tests/Info.plist;
				IPHONEOS_DEPLOYMENT_TARGET = 14.4;
				LD_RUNPATH_SEARCH_PATHS = (
					"$(inherited)",
					"@executable_path/Frameworks",
					"@loader_path/Frameworks",
				);
				PRODUCT_BUNDLE_IDENTIFIER = "lambton.A2-FA-iOS-Sumit-C0800306Tests";
				PRODUCT_NAME = "$(TARGET_NAME)";
				SWIFT_VERSION = 5.0;
				TARGETED_DEVICE_FAMILY = "1,2";
				TEST_HOST = "$(BUILT_PRODUCTS_DIR)/A2_FA_iOS_Sumit_C0800306.app/A2_FA_iOS_Sumit_C0800306";
			};
			name = Release;
		};
		03FFDBD62658C0A6002CAFC1 /* Debug */ = {
			isa = XCBuildConfiguration;
			buildSettings = {
				ALWAYS_EMBED_SWIFT_STANDARD_LIBRARIES = YES;
				CODE_SIGN_STYLE = Automatic;
				INFOPLIST_FILE = A2_FA_iOS_Sumit_C0800306UITests/Info.plist;
				LD_RUNPATH_SEARCH_PATHS = (
					"$(inherited)",
					"@executable_path/Frameworks",
					"@loader_path/Frameworks",
				);
				PRODUCT_BUNDLE_IDENTIFIER = "lambton.A2-FA-iOS-Sumit-C0800306UITests";
				PRODUCT_NAME = "$(TARGET_NAME)";
				SWIFT_VERSION = 5.0;
				TARGETED_DEVICE_FAMILY = "1,2";
				TEST_TARGET_NAME = A2_FA_iOS_Sumit_C0800306;
			};
			name = Debug;
		};
		03FFDBD72658C0A6002CAFC1 /* Release */ = {
			isa = XCBuildConfiguration;
			buildSettings = {
				ALWAYS_EMBED_SWIFT_STANDARD_LIBRARIES = YES;
				CODE_SIGN_STYLE = Automatic;
				INFOPLIST_FILE = A2_FA_iOS_Sumit_C0800306UITests/Info.plist;
				LD_RUNPATH_SEARCH_PATHS = (
					"$(inherited)",
					"@executable_path/Frameworks",
					"@loader_path/Frameworks",
				);
				PRODUCT_BUNDLE_IDENTIFIER = "lambton.A2-FA-iOS-Sumit-C0800306UITests";
				PRODUCT_NAME = "$(TARGET_NAME)";
				SWIFT_VERSION = 5.0;
				TARGETED_DEVICE_FAMILY = "1,2";
				TEST_TARGET_NAME = A2_FA_iOS_Sumit_C0800306;
			};
			name = Release;
		};
/* End XCBuildConfiguration section */

/* Begin XCConfigurationList section */
		03FFDB9D2658C09F002CAFC1 /* Build configuration list for PBXProject "A2_FA_iOS_Sumit_C0800306" */ = {
			isa = XCConfigurationList;
			buildConfigurations = (
				03FFDBCD2658C0A6002CAFC1 /* Debug */,
				03FFDBCE2658C0A6002CAFC1 /* Release */,
			);
			defaultConfigurationIsVisible = 0;
			defaultConfigurationName = Release;
		};
		03FFDBCF2658C0A6002CAFC1 /* Build configuration list for PBXNativeTarget "A2_FA_iOS_Sumit_C0800306" */ = {
			isa = XCConfigurationList;
			buildConfigurations = (
				03FFDBD02658C0A6002CAFC1 /* Debug */,
				03FFDBD12658C0A6002CAFC1 /* Release */,
			);
			defaultConfigurationIsVisible = 0;
			defaultConfigurationName = Release;
		};
		03FFDBD22658C0A6002CAFC1 /* Build configuration list for PBXNativeTarget "A2_FA_iOS_Sumit_C0800306Tests" */ = {
			isa = XCConfigurationList;
			buildConfigurations = (
				03FFDBD32658C0A6002CAFC1 /* Debug */,
				03FFDBD42658C0A6002CAFC1 /* Release */,
			);
			defaultConfigurationIsVisible = 0;
			defaultConfigurationName = Release;
		};
		03FFDBD52658C0A6002CAFC1 /* Build configuration list for PBXNativeTarget "A2_FA_iOS_Sumit_C0800306UITests" */ = {
			isa = XCConfigurationList;
			buildConfigurations = (
				03FFDBD62658C0A6002CAFC1 /* Debug */,
				03FFDBD72658C0A6002CAFC1 /* Release */,
			);
			defaultConfigurationIsVisible = 0;
			defaultConfigurationName = Release;
		};
/* End XCConfigurationList section */

/* Begin XCVersionGroup section */
		03FFDBAE2658C09F002CAFC1 /* A2_FA_iOS_Sumit_C0800306.xcdatamodeld */ = {
			isa = XCVersionGroup;
			children = (
				03FFDBAF2658C09F002CAFC1 /* A2_FA_iOS_Sumit_C0800306.xcdatamodel */,
			);
			currentVersion = 03FFDBAF2658C09F002CAFC1 /* A2_FA_iOS_Sumit_C0800306.xcdatamodel */;
			path = A2_FA_iOS_Sumit_C0800306.xcdatamodeld;
			sourceTree = "<group>";
			versionGroupType = wrapper.xcdatamodel;
		};
/* End XCVersionGroup section */
	};
	rootObject = 03FFDB9A2658C09F002CAFC1 /* Project object */;
}
